
Microsoft Visual Studio Solution File, Format Version 12.00
# Visual Studio 14
VisualStudioVersion = 14.0.25420.1
MinimumVisualStudioVersion = 10.0.40219.1
Project("{FAE04EC0-301F-11D3-BF4B-00C04F79EFBC}") = "Slumber", "Slumber\Slumber.csproj", "{0AC24C4E-1389-4C53-BA07-A6F2F4B57F37}"
EndProject
Project("{FAE04EC0-301F-11D3-BF4B-00C04F79EFBC}") = "Slumber.Sample", "Slumber.Sample\Slumber.Sample.csproj", "{22DEF5F3-0EBD-4D68-9D4F-B1459BA1745B}"
EndProject
Project("{FAE04EC0-301F-11D3-BF4B-00C04F79EFBC}") = "Slumber.Spec", "Slumber.Spec\Slumber.Spec.csproj", "{59BDA39F-2DEC-4F9D-BE61-265469F5795B}"
EndProject
Global
	GlobalSection(SolutionConfigurationPlatforms) = preSolution
		Debug|Any CPU = Debug|Any CPU
		Release|Any CPU = Release|Any CPU
	EndGlobalSection
	GlobalSection(ProjectConfigurationPlatforms) = postSolution
		{0AC24C4E-1389-4C53-BA07-A6F2F4B57F37}.Debug|Any CPU.ActiveCfg = Debug|Any CPU
		{0AC24C4E-1389-4C53-BA07-A6F2F4B57F37}.Debug|Any CPU.Build.0 = Debug|Any CPU
		{0AC24C4E-1389-4C53-BA07-A6F2F4B57F37}.Release|Any CPU.ActiveCfg = Release|Any CPU
		{0AC24C4E-1389-4C53-BA07-A6F2F4B57F37}.Release|Any CPU.Build.0 = Release|Any CPU
		{22DEF5F3-0EBD-4D68-9D4F-B1459BA1745B}.Debug|Any CPU.ActiveCfg = Debug|Any CPU
		{22DEF5F3-0EBD-4D68-9D4F-B1459BA1745B}.Debug|Any CPU.Build.0 = Debug|Any CPU
		{22DEF5F3-0EBD-4D68-9D4F-B1459BA1745B}.Release|Any CPU.ActiveCfg = Release|Any CPU
		{22DEF5F3-0EBD-4D68-9D4F-B1459BA1745B}.Release|Any CPU.Build.0 = Release|Any CPU
		{59BDA39F-2DEC-4F9D-BE61-265469F5795B}.Debug|Any CPU.ActiveCfg = Debug|Any CPU
		{59BDA39F-2DEC-4F9D-BE61-265469F5795B}.Debug|Any CPU.Build.0 = Debug|Any CPU
		{59BDA39F-2DEC-4F9D-BE61-265469F5795B}.Release|Any CPU.ActiveCfg = Release|Any CPU
		{59BDA39F-2DEC-4F9D-BE61-265469F5795B}.Release|Any CPU.Build.0 = Release|Any CPU
	EndGlobalSection
	GlobalSection(SolutionProperties) = preSolution
		HideSolutionNode = FALSE
	EndGlobalSection
EndGlobal
